
Microsoft Visual Studio Solution File, Format Version 12.00
# Visual Studio 15
VisualStudioVersion = 15.0.26124.0
MinimumVisualStudioVersion = 15.0.26124.0
Project("{2150E333-8FDC-42A3-9474-1A3956D46DE8}") = "Solution Items", "Solution Items", "{73097E03-8B35-41B9-BE4A-BC15F49AF8B5}"
	ProjectSection(SolutionItems) = preProject
		.editorconfig = .editorconfig
		.gitignore = .gitignore
		.travis.yml = .travis.yml
		CONTRIBUTING.md = CONTRIBUTING.md
		README.md = README.md
		RELEASE_NOTES.md = RELEASE_NOTES.md
	EndProjectSection
EndProject
Project("{2150E333-8FDC-42A3-9474-1A3956D46DE8}") = "Content", "Content", "{EA1006BA-C34E-4CF9-A3AF-64EF33440721}"
EndProject
Project("{2150E333-8FDC-42A3-9474-1A3956D46DE8}") = "minimal", "minimal", "{BD8E7D51-C1E1-4895-9BE6-F079B7F6565C}"
EndProject
Project("{2150E333-8FDC-42A3-9474-1A3956D46DE8}") = "src", "src", "{FA24EA79-E8D1-4259-909F-17274E446553}"
EndProject
Project("{F2A71F9B-5D33-465A-A702-920D77279786}") = "Shared", "Content\minimal\src\Shared\Shared.fsproj", "{9BD3998D-56A6-48C5-A2AF-81ECE1A63F0A}"
EndProject
Project("{F2A71F9B-5D33-465A-A702-920D77279786}") = "Server", "Content\minimal\src\Server\Server.fsproj", "{015A7B51-45E6-4A72-A0E4-E8F71D004C34}"
EndProject
Project("{F2A71F9B-5D33-465A-A702-920D77279786}") = "Client", "Content\minimal\src\Client\Client.fsproj", "{A52E145B-CB29-49FA-BAB0-00E548E3FE28}"
EndProject
Project("{2150E333-8FDC-42A3-9474-1A3956D46DE8}") = "default", "default", "{C21EB411-ED37-4B56-89E9-175891CA0EB8}"
EndProject
Project("{2150E333-8FDC-42A3-9474-1A3956D46DE8}") = "src", "src", "{6CD11647-CB7F-40EC-BEB9-2C83FA2BB388}"
EndProject
Project("{F2A71F9B-5D33-465A-A702-920D77279786}") = "Shared", "Content\default\src\Shared\Shared.fsproj", "{7B3968F4-152C-4061-A9FE-C94470A41A67}"
EndProject
Project("{F2A71F9B-5D33-465A-A702-920D77279786}") = "Server", "Content\default\src\Server\Server.fsproj", "{B9292027-4265-4A94-9B17-6805D222D390}"
EndProject
Project("{F2A71F9B-5D33-465A-A702-920D77279786}") = "Client", "Content\default\src\Client\Client.fsproj", "{1F4D3E0F-12D9-4790-B737-E4EA312DF998}"
EndProject
Project("{2150E333-8FDC-42A3-9474-1A3956D46DE8}") = "tests", "tests", "{2AC5D2C6-49EF-4F83-AE6F-D00C85626B3C}"
EndProject
Project("{F2A71F9B-5D33-465A-A702-920D77279786}") = "Shared.Tests", "Content\default\tests\Shared\Shared.Tests.fsproj", "{3158341E-1C03-464F-8F4A-811DC2ADC7D3}"
EndProject
Project("{F2A71F9B-5D33-465A-A702-920D77279786}") = "Server.Tests", "Content\default\tests\Server\Server.Tests.fsproj", "{8AED04A6-BD1C-4B98-8345-5CAC7DB00D8A}"
EndProject
Project("{F2A71F9B-5D33-465A-A702-920D77279786}") = "Client.Tests", "Content\default\tests\Client\Client.Tests.fsproj", "{7AA65D2D-B5C0-427C-B39C-3BC25297E88C}"
EndProject
Project("{F2A71F9B-5D33-465A-A702-920D77279786}") = "Tests", "tests\Tests.fsproj", "{8B883735-9AA1-4A14-A7F9-69AE826C658D}"
EndProject
Project("{F2A71F9B-5D33-465A-A702-920D77279786}") = "Build", "Content\default\Build.fsproj", "{8FAEEF41-562F-4DE2-BF56-F6E5B27A6661}"
EndProject
Project("{F2A71F9B-5D33-465A-A702-920D77279786}") = "Build", "Build.fsproj", "{20D6D33C-E02B-4A8F-9DF1-568D989A330A}"
EndProject
Global
	GlobalSection(SolutionConfigurationPlatforms) = preSolution
		Debug|Any CPU = Debug|Any CPU
		Debug|x64 = Debug|x64
		Debug|x86 = Debug|x86
		Release|Any CPU = Release|Any CPU
		Release|x64 = Release|x64
		Release|x86 = Release|x86
	EndGlobalSection
	GlobalSection(SolutionProperties) = preSolution
		HideSolutionNode = FALSE
	EndGlobalSection
	GlobalSection(ProjectConfigurationPlatforms) = postSolution
		{9BD3998D-56A6-48C5-A2AF-81ECE1A63F0A}.Debug|Any CPU.ActiveCfg = Debug|Any CPU
		{9BD3998D-56A6-48C5-A2AF-81ECE1A63F0A}.Debug|Any CPU.Build.0 = Debug|Any CPU
		{9BD3998D-56A6-48C5-A2AF-81ECE1A63F0A}.Debug|x64.ActiveCfg = Debug|Any CPU
		{9BD3998D-56A6-48C5-A2AF-81ECE1A63F0A}.Debug|x64.Build.0 = Debug|Any CPU
		{9BD3998D-56A6-48C5-A2AF-81ECE1A63F0A}.Debug|x86.ActiveCfg = Debug|Any CPU
		{9BD3998D-56A6-48C5-A2AF-81ECE1A63F0A}.Debug|x86.Build.0 = Debug|Any CPU
		{9BD3998D-56A6-48C5-A2AF-81ECE1A63F0A}.Release|Any CPU.ActiveCfg = Release|Any CPU
		{9BD3998D-56A6-48C5-A2AF-81ECE1A63F0A}.Release|Any CPU.Build.0 = Release|Any CPU
		{9BD3998D-56A6-48C5-A2AF-81ECE1A63F0A}.Release|x64.ActiveCfg = Release|Any CPU
		{9BD3998D-56A6-48C5-A2AF-81ECE1A63F0A}.Release|x64.Build.0 = Release|Any CPU
		{9BD3998D-56A6-48C5-A2AF-81ECE1A63F0A}.Release|x86.ActiveCfg = Release|Any CPU
		{9BD3998D-56A6-48C5-A2AF-81ECE1A63F0A}.Release|x86.Build.0 = Release|Any CPU
		{015A7B51-45E6-4A72-A0E4-E8F71D004C34}.Debug|Any CPU.ActiveCfg = Debug|Any CPU
		{015A7B51-45E6-4A72-A0E4-E8F71D004C34}.Debug|Any CPU.Build.0 = Debug|Any CPU
		{015A7B51-45E6-4A72-A0E4-E8F71D004C34}.Debug|x64.ActiveCfg = Debug|Any CPU
		{015A7B51-45E6-4A72-A0E4-E8F71D004C34}.Debug|x64.Build.0 = Debug|Any CPU
		{015A7B51-45E6-4A72-A0E4-E8F71D004C34}.Debug|x86.ActiveCfg = Debug|Any CPU
		{015A7B51-45E6-4A72-A0E4-E8F71D004C34}.Debug|x86.Build.0 = Debug|Any CPU
		{015A7B51-45E6-4A72-A0E4-E8F71D004C34}.Release|Any CPU.ActiveCfg = Release|Any CPU
		{015A7B51-45E6-4A72-A0E4-E8F71D004C34}.Release|Any CPU.Build.0 = Release|Any CPU
		{015A7B51-45E6-4A72-A0E4-E8F71D004C34}.Release|x64.ActiveCfg = Release|Any CPU
		{015A7B51-45E6-4A72-A0E4-E8F71D004C34}.Release|x64.Build.0 = Release|Any CPU
		{015A7B51-45E6-4A72-A0E4-E8F71D004C34}.Release|x86.ActiveCfg = Release|Any CPU
		{015A7B51-45E6-4A72-A0E4-E8F71D004C34}.Release|x86.Build.0 = Release|Any CPU
		{7B3968F4-152C-4061-A9FE-C94470A41A67}.Debug|Any CPU.ActiveCfg = Debug|Any CPU
		{7B3968F4-152C-4061-A9FE-C94470A41A67}.Debug|Any CPU.Build.0 = Debug|Any CPU
		{7B3968F4-152C-4061-A9FE-C94470A41A67}.Debug|x64.ActiveCfg = Debug|Any CPU
		{7B3968F4-152C-4061-A9FE-C94470A41A67}.Debug|x64.Build.0 = Debug|Any CPU
		{7B3968F4-152C-4061-A9FE-C94470A41A67}.Debug|x86.ActiveCfg = Debug|Any CPU
		{7B3968F4-152C-4061-A9FE-C94470A41A67}.Debug|x86.Build.0 = Debug|Any CPU
		{7B3968F4-152C-4061-A9FE-C94470A41A67}.Release|Any CPU.ActiveCfg = Release|Any CPU
		{7B3968F4-152C-4061-A9FE-C94470A41A67}.Release|Any CPU.Build.0 = Release|Any CPU
		{7B3968F4-152C-4061-A9FE-C94470A41A67}.Release|x64.ActiveCfg = Release|Any CPU
		{7B3968F4-152C-4061-A9FE-C94470A41A67}.Release|x64.Build.0 = Release|Any CPU
		{7B3968F4-152C-4061-A9FE-C94470A41A67}.Release|x86.ActiveCfg = Release|Any CPU
		{7B3968F4-152C-4061-A9FE-C94470A41A67}.Release|x86.Build.0 = Release|Any CPU
		{B9292027-4265-4A94-9B17-6805D222D390}.Debug|Any CPU.ActiveCfg = Debug|Any CPU
		{B9292027-4265-4A94-9B17-6805D222D390}.Debug|Any CPU.Build.0 = Debug|Any CPU
		{B9292027-4265-4A94-9B17-6805D222D390}.Debug|x64.ActiveCfg = Debug|Any CPU
		{B9292027-4265-4A94-9B17-6805D222D390}.Debug|x64.Build.0 = Debug|Any CPU
		{B9292027-4265-4A94-9B17-6805D222D390}.Debug|x86.ActiveCfg = Debug|Any CPU
		{B9292027-4265-4A94-9B17-6805D222D390}.Debug|x86.Build.0 = Debug|Any CPU
		{B9292027-4265-4A94-9B17-6805D222D390}.Release|Any CPU.ActiveCfg = Release|Any CPU
		{B9292027-4265-4A94-9B17-6805D222D390}.Release|Any CPU.Build.0 = Release|Any CPU
		{B9292027-4265-4A94-9B17-6805D222D390}.Release|x64.ActiveCfg = Release|Any CPU
		{B9292027-4265-4A94-9B17-6805D222D390}.Release|x64.Build.0 = Release|Any CPU
		{B9292027-4265-4A94-9B17-6805D222D390}.Release|x86.ActiveCfg = Release|Any CPU
		{B9292027-4265-4A94-9B17-6805D222D390}.Release|x86.Build.0 = Release|Any CPU
		{1F4D3E0F-12D9-4790-B737-E4EA312DF998}.Debug|Any CPU.ActiveCfg = Debug|Any CPU
		{1F4D3E0F-12D9-4790-B737-E4EA312DF998}.Debug|Any CPU.Build.0 = Debug|Any CPU
		{1F4D3E0F-12D9-4790-B737-E4EA312DF998}.Debug|x64.ActiveCfg = Debug|Any CPU
		{1F4D3E0F-12D9-4790-B737-E4EA312DF998}.Debug|x64.Build.0 = Debug|Any CPU
		{1F4D3E0F-12D9-4790-B737-E4EA312DF998}.Debug|x86.ActiveCfg = Debug|Any CPU
		{1F4D3E0F-12D9-4790-B737-E4EA312DF998}.Debug|x86.Build.0 = Debug|Any CPU
		{1F4D3E0F-12D9-4790-B737-E4EA312DF998}.Release|Any CPU.ActiveCfg = Release|Any CPU
		{1F4D3E0F-12D9-4790-B737-E4EA312DF998}.Release|Any CPU.Build.0 = Release|Any CPU
		{1F4D3E0F-12D9-4790-B737-E4EA312DF998}.Release|x64.ActiveCfg = Release|Any CPU
		{1F4D3E0F-12D9-4790-B737-E4EA312DF998}.Release|x64.Build.0 = Release|Any CPU
		{1F4D3E0F-12D9-4790-B737-E4EA312DF998}.Release|x86.ActiveCfg = Release|Any CPU
		{1F4D3E0F-12D9-4790-B737-E4EA312DF998}.Release|x86.Build.0 = Release|Any CPU
		{A52E145B-CB29-49FA-BAB0-00E548E3FE28}.Debug|Any CPU.ActiveCfg = Debug|Any CPU
		{A52E145B-CB29-49FA-BAB0-00E548E3FE28}.Debug|Any CPU.Build.0 = Debug|Any CPU
		{A52E145B-CB29-49FA-BAB0-00E548E3FE28}.Debug|x64.ActiveCfg = Debug|Any CPU
		{A52E145B-CB29-49FA-BAB0-00E548E3FE28}.Debug|x64.Build.0 = Debug|Any CPU
		{A52E145B-CB29-49FA-BAB0-00E548E3FE28}.Debug|x86.ActiveCfg = Debug|Any CPU
		{A52E145B-CB29-49FA-BAB0-00E548E3FE28}.Debug|x86.Build.0 = Debug|Any CPU
		{A52E145B-CB29-49FA-BAB0-00E548E3FE28}.Release|Any CPU.ActiveCfg = Release|Any CPU
		{A52E145B-CB29-49FA-BAB0-00E548E3FE28}.Release|Any CPU.Build.0 = Release|Any CPU
		{A52E145B-CB29-49FA-BAB0-00E548E3FE28}.Release|x64.ActiveCfg = Release|Any CPU
		{A52E145B-CB29-49FA-BAB0-00E548E3FE28}.Release|x64.Build.0 = Release|Any CPU
		{A52E145B-CB29-49FA-BAB0-00E548E3FE28}.Release|x86.ActiveCfg = Release|Any CPU
		{A52E145B-CB29-49FA-BAB0-00E548E3FE28}.Release|x86.Build.0 = Release|Any CPU
		{3158341E-1C03-464F-8F4A-811DC2ADC7D3}.Debug|Any CPU.ActiveCfg = Debug|Any CPU
		{3158341E-1C03-464F-8F4A-811DC2ADC7D3}.Debug|Any CPU.Build.0 = Debug|Any CPU
		{3158341E-1C03-464F-8F4A-811DC2ADC7D3}.Debug|x64.ActiveCfg = Debug|Any CPU
		{3158341E-1C03-464F-8F4A-811DC2ADC7D3}.Debug|x64.Build.0 = Debug|Any CPU
		{3158341E-1C03-464F-8F4A-811DC2ADC7D3}.Debug|x86.ActiveCfg = Debug|Any CPU
		{3158341E-1C03-464F-8F4A-811DC2ADC7D3}.Debug|x86.Build.0 = Debug|Any CPU
		{3158341E-1C03-464F-8F4A-811DC2ADC7D3}.Release|Any CPU.ActiveCfg = Release|Any CPU
		{3158341E-1C03-464F-8F4A-811DC2ADC7D3}.Release|Any CPU.Build.0 = Release|Any CPU
		{3158341E-1C03-464F-8F4A-811DC2ADC7D3}.Release|x64.ActiveCfg = Release|Any CPU
		{3158341E-1C03-464F-8F4A-811DC2ADC7D3}.Release|x64.Build.0 = Release|Any CPU
		{3158341E-1C03-464F-8F4A-811DC2ADC7D3}.Release|x86.ActiveCfg = Release|Any CPU
		{3158341E-1C03-464F-8F4A-811DC2ADC7D3}.Release|x86.Build.0 = Release|Any CPU
		{8AED04A6-BD1C-4B98-8345-5CAC7DB00D8A}.Debug|Any CPU.ActiveCfg = Debug|Any CPU
		{8AED04A6-BD1C-4B98-8345-5CAC7DB00D8A}.Debug|Any CPU.Build.0 = Debug|Any CPU
		{8AED04A6-BD1C-4B98-8345-5CAC7DB00D8A}.Debug|x64.ActiveCfg = Debug|Any CPU
		{8AED04A6-BD1C-4B98-8345-5CAC7DB00D8A}.Debug|x64.Build.0 = Debug|Any CPU
		{8AED04A6-BD1C-4B98-8345-5CAC7DB00D8A}.Debug|x86.ActiveCfg = Debug|Any CPU
		{8AED04A6-BD1C-4B98-8345-5CAC7DB00D8A}.Debug|x86.Build.0 = Debug|Any CPU
		{8AED04A6-BD1C-4B98-8345-5CAC7DB00D8A}.Release|Any CPU.ActiveCfg = Release|Any CPU
		{8AED04A6-BD1C-4B98-8345-5CAC7DB00D8A}.Release|Any CPU.Build.0 = Release|Any CPU
		{8AED04A6-BD1C-4B98-8345-5CAC7DB00D8A}.Release|x64.ActiveCfg = Release|Any CPU
		{8AED04A6-BD1C-4B98-8345-5CAC7DB00D8A}.Release|x64.Build.0 = Release|Any CPU
		{8AED04A6-BD1C-4B98-8345-5CAC7DB00D8A}.Release|x86.ActiveCfg = Release|Any CPU
		{8AED04A6-BD1C-4B98-8345-5CAC7DB00D8A}.Release|x86.Build.0 = Release|Any CPU
		{7AA65D2D-B5C0-427C-B39C-3BC25297E88C}.Debug|Any CPU.ActiveCfg = Debug|Any CPU
		{7AA65D2D-B5C0-427C-B39C-3BC25297E88C}.Debug|Any CPU.Build.0 = Debug|Any CPU
		{7AA65D2D-B5C0-427C-B39C-3BC25297E88C}.Debug|x64.ActiveCfg = Debug|Any CPU
		{7AA65D2D-B5C0-427C-B39C-3BC25297E88C}.Debug|x64.Build.0 = Debug|Any CPU
		{7AA65D2D-B5C0-427C-B39C-3BC25297E88C}.Debug|x86.ActiveCfg = Debug|Any CPU
		{7AA65D2D-B5C0-427C-B39C-3BC25297E88C}.Debug|x86.Build.0 = Debug|Any CPU
		{7AA65D2D-B5C0-427C-B39C-3BC25297E88C}.Release|Any CPU.ActiveCfg = Release|Any CPU
		{7AA65D2D-B5C0-427C-B39C-3BC25297E88C}.Release|Any CPU.Build.0 = Release|Any CPU
		{7AA65D2D-B5C0-427C-B39C-3BC25297E88C}.Release|x64.ActiveCfg = Release|Any CPU
		{7AA65D2D-B5C0-427C-B39C-3BC25297E88C}.Release|x64.Build.0 = Release|Any CPU
		{7AA65D2D-B5C0-427C-B39C-3BC25297E88C}.Release|x86.ActiveCfg = Release|Any CPU
		{7AA65D2D-B5C0-427C-B39C-3BC25297E88C}.Release|x86.Build.0 = Release|Any CPU
		{8B883735-9AA1-4A14-A7F9-69AE826C658D}.Debug|Any CPU.ActiveCfg = Debug|Any CPU
		{8B883735-9AA1-4A14-A7F9-69AE826C658D}.Debug|Any CPU.Build.0 = Debug|Any CPU
		{8B883735-9AA1-4A14-A7F9-69AE826C658D}.Debug|x64.ActiveCfg = Debug|Any CPU
		{8B883735-9AA1-4A14-A7F9-69AE826C658D}.Debug|x64.Build.0 = Debug|Any CPU
		{8B883735-9AA1-4A14-A7F9-69AE826C658D}.Debug|x86.ActiveCfg = Debug|Any CPU
		{8B883735-9AA1-4A14-A7F9-69AE826C658D}.Debug|x86.Build.0 = Debug|Any CPU
		{8B883735-9AA1-4A14-A7F9-69AE826C658D}.Release|Any CPU.ActiveCfg = Release|Any CPU
		{8B883735-9AA1-4A14-A7F9-69AE826C658D}.Release|Any CPU.Build.0 = Release|Any CPU
		{8B883735-9AA1-4A14-A7F9-69AE826C658D}.Release|x64.ActiveCfg = Release|Any CPU
		{8B883735-9AA1-4A14-A7F9-69AE826C658D}.Release|x64.Build.0 = Release|Any CPU
		{8B883735-9AA1-4A14-A7F9-69AE826C658D}.Release|x86.ActiveCfg = Release|Any CPU
		{8B883735-9AA1-4A14-A7F9-69AE826C658D}.Release|x86.Build.0 = Release|Any CPU
		{8FAEEF41-562F-4DE2-BF56-F6E5B27A6661}.Debug|Any CPU.ActiveCfg = Debug|Any CPU
		{8FAEEF41-562F-4DE2-BF56-F6E5B27A6661}.Debug|Any CPU.Build.0 = Debug|Any CPU
		{8FAEEF41-562F-4DE2-BF56-F6E5B27A6661}.Debug|x64.ActiveCfg = Debug|Any CPU
		{8FAEEF41-562F-4DE2-BF56-F6E5B27A6661}.Debug|x64.Build.0 = Debug|Any CPU
		{8FAEEF41-562F-4DE2-BF56-F6E5B27A6661}.Debug|x86.ActiveCfg = Debug|Any CPU
		{8FAEEF41-562F-4DE2-BF56-F6E5B27A6661}.Debug|x86.Build.0 = Debug|Any CPU
		{8FAEEF41-562F-4DE2-BF56-F6E5B27A6661}.Release|Any CPU.ActiveCfg = Release|Any CPU
		{8FAEEF41-562F-4DE2-BF56-F6E5B27A6661}.Release|Any CPU.Build.0 = Release|Any CPU
		{8FAEEF41-562F-4DE2-BF56-F6E5B27A6661}.Release|x64.ActiveCfg = Release|Any CPU
		{8FAEEF41-562F-4DE2-BF56-F6E5B27A6661}.Release|x64.Build.0 = Release|Any CPU
		{8FAEEF41-562F-4DE2-BF56-F6E5B27A6661}.Release|x86.ActiveCfg = Release|Any CPU
		{8FAEEF41-562F-4DE2-BF56-F6E5B27A6661}.Release|x86.Build.0 = Release|Any CPU
		{20D6D33C-E02B-4A8F-9DF1-568D989A330A}.Debug|Any CPU.ActiveCfg = Debug|Any CPU
		{20D6D33C-E02B-4A8F-9DF1-568D989A330A}.Debug|Any CPU.Build.0 = Debug|Any CPU
		{20D6D33C-E02B-4A8F-9DF1-568D989A330A}.Debug|x64.ActiveCfg = Debug|Any CPU
		{20D6D33C-E02B-4A8F-9DF1-568D989A330A}.Debug|x64.Build.0 = Debug|Any CPU
		{20D6D33C-E02B-4A8F-9DF1-568D989A330A}.Debug|x86.ActiveCfg = Debug|Any CPU
		{20D6D33C-E02B-4A8F-9DF1-568D989A330A}.Debug|x86.Build.0 = Debug|Any CPU
		{20D6D33C-E02B-4A8F-9DF1-568D989A330A}.Release|Any CPU.ActiveCfg = Release|Any CPU
		{20D6D33C-E02B-4A8F-9DF1-568D989A330A}.Release|Any CPU.Build.0 = Release|Any CPU
		{20D6D33C-E02B-4A8F-9DF1-568D989A330A}.Release|x64.ActiveCfg = Release|Any CPU
		{20D6D33C-E02B-4A8F-9DF1-568D989A330A}.Release|x64.Build.0 = Release|Any CPU
		{20D6D33C-E02B-4A8F-9DF1-568D989A330A}.Release|x86.ActiveCfg = Release|Any CPU
		{20D6D33C-E02B-4A8F-9DF1-568D989A330A}.Release|x86.Build.0 = Release|Any CPU
	EndGlobalSection
	GlobalSection(NestedProjects) = preSolution
		{BD8E7D51-C1E1-4895-9BE6-F079B7F6565C} = {EA1006BA-C34E-4CF9-A3AF-64EF33440721}
		{FA24EA79-E8D1-4259-909F-17274E446553} = {BD8E7D51-C1E1-4895-9BE6-F079B7F6565C}
		{9BD3998D-56A6-48C5-A2AF-81ECE1A63F0A} = {FA24EA79-E8D1-4259-909F-17274E446553}
		{015A7B51-45E6-4A72-A0E4-E8F71D004C34} = {FA24EA79-E8D1-4259-909F-17274E446553}
		{C21EB411-ED37-4B56-89E9-175891CA0EB8} = {EA1006BA-C34E-4CF9-A3AF-64EF33440721}
		{6CD11647-CB7F-40EC-BEB9-2C83FA2BB388} = {C21EB411-ED37-4B56-89E9-175891CA0EB8}
		{7B3968F4-152C-4061-A9FE-C94470A41A67} = {6CD11647-CB7F-40EC-BEB9-2C83FA2BB388}
		{B9292027-4265-4A94-9B17-6805D222D390} = {6CD11647-CB7F-40EC-BEB9-2C83FA2BB388}
		{1F4D3E0F-12D9-4790-B737-E4EA312DF998} = {6CD11647-CB7F-40EC-BEB9-2C83FA2BB388}
		{A52E145B-CB29-49FA-BAB0-00E548E3FE28} = {FA24EA79-E8D1-4259-909F-17274E446553}
		{2AC5D2C6-49EF-4F83-AE6F-D00C85626B3C} = {C21EB411-ED37-4B56-89E9-175891CA0EB8}
		{3158341E-1C03-464F-8F4A-811DC2ADC7D3} = {2AC5D2C6-49EF-4F83-AE6F-D00C85626B3C}
		{8AED04A6-BD1C-4B98-8345-5CAC7DB00D8A} = {2AC5D2C6-49EF-4F83-AE6F-D00C85626B3C}
		{7AA65D2D-B5C0-427C-B39C-3BC25297E88C} = {2AC5D2C6-49EF-4F83-AE6F-D00C85626B3C}
		{8FAEEF41-562F-4DE2-BF56-F6E5B27A6661} = {EA1006BA-C34E-4CF9-A3AF-64EF33440721}
	EndGlobalSection
EndGlobal
