
Microsoft Visual Studio Solution File, Format Version 12.00
# Visual Studio 15
VisualStudioVersion = 15.0.27004.2005
MinimumVisualStudioVersion = 10.0.40219.1
Project("{2150E333-8FDC-42A3-9474-1A3956D46DE8}") = "Solution Items", "Solution Items", "{08CCFCF6-2248-43ED-A6EF-E972A2DA0E6A}"
	ProjectSection(SolutionItems) = preProject
		#if (!minimal)
		build.fsx = build.fsx
		paket.dependencies = paket.dependencies
		paket.lock = paket.lock
		#endif
		README.md = README.md
	EndProjectSection
EndProject
Project("{2150E333-8FDC-42A3-9474-1A3956D46DE8}") = "src", "src", "{B27D31AA-9DEE-4DE4-B4BF-939C232AE7D4}"
EndProject
Project("{F2A71F9B-5D33-465A-A702-920D77279786}") = "Server", "src\Server\Server.fsproj", "{F49D968D-D418-4C5E-978D-2082583F97A8}"
EndProject
Project("{F2A71F9B-5D33-465A-A702-920D77279786}") = "Shared", "src\Shared\Shared.fsproj", "{CBCBD8B2-DFEF-4917-92F6-EF1EA04004BD}"
EndProject
Project("{F2A71F9B-5D33-465A-A702-920D77279786}") = "Client", "src\Client\Client.fsproj", "{6257615B-2E3E-4CE8-A516-0B44EE49FCBC}"
EndProject
Project("{2150E333-8FDC-42A3-9474-1A3956D46DE8}") = "tests", "tests", "{174542BE-4A84-4058-93BA-FE504E0459D5}"
EndProject
Project("{F2A71F9B-5D33-465A-A702-920D77279786}") = "Server.Tests", "tests\Server.Tests\Server.Tests.fsproj", "{FEAB3F67-BD05-4754-AE26-CB6570C06EF7}"
EndProject
Project("{F2A71F9B-5D33-465A-A702-920D77279786}") = "Client.Tests", "tests\Client.Tests\Client.Tests.fsproj", "{0FBA6676-3B8F-4D40-BD3C-97AC44DB6469}"
EndProject
Global
	GlobalSection(SolutionConfigurationPlatforms) = preSolution
		Debug|Any CPU = Debug|Any CPU
		Release|Any CPU = Release|Any CPU
	EndGlobalSection
	GlobalSection(ProjectConfigurationPlatforms) = postSolution
		{FEAB3F67-BD05-4754-AE26-CB6570C06EF7}.Debug|Any CPU.ActiveCfg = Debug|Any CPU
		{FEAB3F67-BD05-4754-AE26-CB6570C06EF7}.Debug|Any CPU.Build.0 = Debug|Any CPU
		{FEAB3F67-BD05-4754-AE26-CB6570C06EF7}.Release|Any CPU.ActiveCfg = Release|Any CPU
		{FEAB3F67-BD05-4754-AE26-CB6570C06EF7}.Release|Any CPU.Build.0 = Release|Any CPU
		{F49D968D-D418-4C5E-978D-2082583F97A8}.Debug|Any CPU.ActiveCfg = Debug|Any CPU
		{F49D968D-D418-4C5E-978D-2082583F97A8}.Debug|Any CPU.Build.0 = Debug|Any CPU
		{F49D968D-D418-4C5E-978D-2082583F97A8}.Release|Any CPU.ActiveCfg = Release|Any CPU
		{F49D968D-D418-4C5E-978D-2082583F97A8}.Release|Any CPU.Build.0 = Release|Any CPU
		{CBCBD8B2-DFEF-4917-92F6-EF1EA04004BD}.Debug|Any CPU.ActiveCfg = Debug|Any CPU
		{CBCBD8B2-DFEF-4917-92F6-EF1EA04004BD}.Debug|Any CPU.Build.0 = Debug|Any CPU
		{CBCBD8B2-DFEF-4917-92F6-EF1EA04004BD}.Release|Any CPU.ActiveCfg = Release|Any CPU
		{CBCBD8B2-DFEF-4917-92F6-EF1EA04004BD}.Release|Any CPU.Build.0 = Release|Any CPU
		{6257615B-2E3E-4CE8-A516-0B44EE49FCBC}.Debug|Any CPU.ActiveCfg = Debug|Any CPU
		{6257615B-2E3E-4CE8-A516-0B44EE49FCBC}.Debug|Any CPU.Build.0 = Debug|Any CPU
		{6257615B-2E3E-4CE8-A516-0B44EE49FCBC}.Release|Any CPU.ActiveCfg = Release|Any CPU
		{6257615B-2E3E-4CE8-A516-0B44EE49FCBC}.Release|Any CPU.Build.0 = Release|Any CPU
		{0FBA6676-3B8F-4D40-BD3C-97AC44DB6469}.Debug|Any CPU.ActiveCfg = Debug|Any CPU
		{0FBA6676-3B8F-4D40-BD3C-97AC44DB6469}.Debug|Any CPU.Build.0 = Debug|Any CPU
		{0FBA6676-3B8F-4D40-BD3C-97AC44DB6469}.Release|Any CPU.ActiveCfg = Release|Any CPU
		{0FBA6676-3B8F-4D40-BD3C-97AC44DB6469}.Release|Any CPU.Build.0 = Release|Any CPU
	EndGlobalSection
	GlobalSection(SolutionProperties) = preSolution
		HideSolutionNode = FALSE
	EndGlobalSection
	GlobalSection(ExtensibilityGlobals) = postSolution
		SolutionGuid = {7A0AA30E-4CD9-4359-9513-BA68E2E85245}
	EndGlobalSection
	GlobalSection(NestedProjects) = preSolution
		{FEAB3F67-BD05-4754-AE26-CB6570C06EF7} = {174542BE-4A84-4058-93BA-FE504E0459D5}
		{F49D968D-D418-4C5E-978D-2082583F97A8} = {B27D31AA-9DEE-4DE4-B4BF-939C232AE7D4}
		{CBCBD8B2-DFEF-4917-92F6-EF1EA04004BD} = {B27D31AA-9DEE-4DE4-B4BF-939C232AE7D4}
		{6257615B-2E3E-4CE8-A516-0B44EE49FCBC} = {B27D31AA-9DEE-4DE4-B4BF-939C232AE7D4}
		{0FBA6676-3B8F-4D40-BD3C-97AC44DB6469} = {174542BE-4A84-4058-93BA-FE504E0459D5}
	EndGlobalSection
EndGlobal
