GROUP Server
STORAGE: NONE
RESTRICTION: == netcoreapp3.0
NUGET
  remote: https://api.nuget.org/v3/index.json
    Elmish (3.0.6)
      FSharp.Core (>= 4.6.2)
    Elmish.Bridge.Server (3.0.3)
      Elmish (>= 3.0)
      Fable.Remoting.Json (>= 2.3)
    Elmish.Bridge.Suave (3.0.3)
      Elmish.Bridge.Server (>= 3.0.3)
      Suave (>= 2.5.4)
    Fable.Core (3.1.2)
      FSharp.Core (>= 4.7)
    Fable.Remoting.Json (2.5)
      FSharp.Core (>= 4.6.2)
      Newtonsoft.Json (>= 12.0.2)
    FSharp.Core (4.7)
    Newtonsoft.Json (12.0.2)
    Suave (2.5.6)
      FSharp.Core (>= 4.3.4)
    Thoth.Json.Net (3.6)
      Fable.Core (>= 3.0 < 4.0)
      FSharp.Core (>= 4.6.2)
      Newtonsoft.Json (>= 11.0.2)
