GROUP Server
STORAGE: NONE
RESTRICTION: == netcoreapp3.0
NUGET
  remote: https://api.nuget.org/v3/index.json
    Fable.Remoting.Json (2.5)
      FSharp.Core (>= 4.6.2)
      Newtonsoft.Json (>= 12.0.2)
    Fable.Remoting.Server (4.9)
      Fable.Remoting.Json (>= 2.5)
      FSharp.Core (>= 4.6.2)
    Fable.Remoting.Suave (3.10)
      Fable.Remoting.Json (>= 2.5)
      Fable.Remoting.Server (>= 4.9)
      FSharp.Core (>= 4.6.2)
      Suave (>= 2.5.5)
    FSharp.Core (4.7)
    Newtonsoft.Json (12.0.3)
    Suave (2.5.6)
      FSharp.Core (>= 4.3.4)
